{
    "_meta": {
        "hash": {
            "sha256": "9fe0ef44a9f44d2a44ab63055a88fddf1628502c58a0915c565db71341e5216c"
        },
        "pipfile-spec": 6,
        "requires": {
            "python_version": "3.10"
        },
        "sources": [
            {
                "name": "pypi",
                "url": "https://pypi.org/simple",
                "verify_ssl": true
            }
        ]
    },
    "default": {
        "beautifulsoup4": {
            "hashes": [
                "sha256:4c98143716ef1cb40bf7f39a8e3eec8f8b009509e74904ba3a7b315431577e35",
                "sha256:84729e322ad1d5b4d25f805bfa05b902dd96450f43842c4e99067d5e1369eb25",
                "sha256:fff47e031e34ec82bf17e00da8f592fe7de69aeea38be00523c04623c04fb666"
            ],
            "index": "pypi",
            "version": "==4.9.3"
        },
        "certifi": {
            "hashes": [
                "sha256:78884e7c1d4b00ce3cea67b44566851c4343c120abd683433ce934a68ea58872",
                "sha256:d62a0163eb4c2344ac042ab2bdf75399a71a2d8c7d47eac2e2ee91b9d6339569"
            ],
            "version": "==2021.10.8"
        },
        "chardet": {
            "hashes": [
                "sha256:84ab92ed1c4d4f16916e05906b6b75a6c0fb5db821cc65e70cbd64a3e2a5eaae",
                "sha256:fc323ffcaeaed0e0a02bf4d117757b98aed530d9ed4531e3e15460124c106691"
            ],
            "version": "==3.0.4"
        },
        "furl": {
            "hashes": [
                "sha256:c0e0231a1feee2acd256574b7033df3144775451c610cb587060d6a0d7e0b621",
                "sha256:f4d6f1e5479c376a5b7bdc62795d736d8c1b2a754f366a2ad2816e46e946e22e"
            ],
            "index": "pypi",
            "version": "==2.1.0"
        },
        "hs-test-python": {
            "file": "https://github.com/hyperskill/hs-test-python/archive/release.tar.gz",
            "hashes": [
                "sha256:87ca6a7221725fe13235cc513d62867a65e7984480f2081630a3ec3e99a89588"
            ],
            "version": "==8.0.0"
        },
        "idna": {
            "hashes": [
                "sha256:b307872f855b18632ce0c21c5e45be78c0ea7ae4c15c828c20788b26921eb3f6",
                "sha256:b97d804b1e9b523befed77c48dacec60e6dcb0b5391d57af6a65a312a90648c0"
            ],
            "markers": "python_version >= '2.7' and python_version not in '3.0, 3.1, 3.2, 3.3'",
            "version": "==2.10"
        },
        "orderedmultidict": {
            "hashes": [
                "sha256:04070bbb5e87291cc9bfa51df413677faf2141c73c61d2a5f7b26bea3cd882ad",
                "sha256:43c839a17ee3cdd62234c47deca1a8508a3f2ca1d0678a3bf791c87cf84adbf3"
            ],
            "version": "==1.0.1"
        },
        "psutil-wheels": {
            "hashes": [
                "sha256:05a4b136c395273066ecd63d64200868fc57561c65f6dda988b28d08f4a60f69",
                "sha256:2cfbb317f3ee0c8ac9dd5d82e6913b0216222d2b22ea65cbc2f8072dabb167d4",
                "sha256:3f0ca7c4c9031e04b18e52cd4c6f17e196bb7896071dd1eacaeb352948b47517",
                "sha256:5dd57fb06b081bf2e3cebe89ca92f6ef606ecc5e50ac7ecb2dc7a68262d6cd91",
                "sha256:84bb63b669aa918b4a62226276b1c1f952e57a461debfb7b9eed848c41e7cbda",
                "sha256:902ab2a221529cd7c0d9fa2f865fdd22bc45df87db825437aeee0dcaeed9b787",
                "sha256:933c4079c8121f8f0d3d1525671e3b6182d804d54c7819b6a7dddeac5605ba69",
                "sha256:96838ad949609621e369d327834ade3b3e1b0fa3f450e0a7460855a3cf41a6d6",
                "sha256:9fb80725195402a66e5db947f239d032500cde75ca5d8625326d797a65341d6f",
                "sha256:b07890d22db82a135b8d5149ba1736e0fde998605cfa73c4d030bbfc77e890b6",
                "sha256:c7c13e8264fa26f0bde4ddc15f2959d04c2a8f7537c41541d1503dd159b01a86",
                "sha256:d13d705fb5026d3ae476c7988601430dfaa6143e695058a3182146adc0457b7f",
                "sha256:ea1f7f6bcc536669a22c07429dde993bc707f45339137b085394faada25fc813"
            ],
            "markers": "python_version >= '3.10'",
            "version": "==5.8.0"
        },
        "requests": {
            "hashes": [
                "sha256:b3559a131db72c33ee969480840fff4bb6dd111de7dd27c8ee1f820f4f00231b",
                "sha256:fe75cc94a9443b9246fc7049224f75604b113c36acb93f87b80ed42c44cbb898"
            ],
            "index": "pypi",
            "version": "==2.24.0"
        },
        "six": {
            "hashes": [
                "sha256:1e61c37477a1626458e36f7b1d82aa5c9b094fa4802892072e49de9c60c4c926",
                "sha256:8abb2f1d86890a2dfb989f9a77cfcfd3e47c2a354b01111771326f8aa26e0254"
            ],
            "markers": "python_version >= '2.7' and python_version not in '3.0, 3.1, 3.2'",
            "version": "==1.16.0"
        },
        "soupsieve": {
            "hashes": [
                "sha256:0bcc6d7432153063e3df09c3ac9442af3eba488715bfcad6a4c38ccb2a523124",
                "sha256:a714129d3021ec17ce5be346b1007300558b378332c289a1a20e7d4de6ff18a5"
            ],
            "markers": "python_version >= '3.0'",
            "version": "==2.3.2"
        },
        "urllib3": {
            "hashes": [
                "sha256:8d7eaa5a82a1cac232164990f04874c594c9453ec55eef02eab885aa02fc17a2",
                "sha256:f5321fbe4bf3fefa0efd0bfe7fb14e90909eb62a48ccda331726b4319897dd5e"
            ],
            "markers": "python_version >= '2.7' and python_version not in '3.0, 3.1, 3.2, 3.3, 3.4' and python_version < '4'",
            "version": "==1.25.11"
        }
    },
    "develop": {}
}
